// !$*UTF8*$!
{
	archiveVersion = 1;
	classes = {
	};
	objectVersion = 46;
	objects = {

/* Begin PBXBuildFile section */
		6619F17A1911865300CE8A31 /* EditFriendsTableViewController.m in Sources */ = {isa = PBXBuildFile; fileRef = 6619F1791911865300CE8A31 /* EditFriendsTableViewController.m */; };
		6619F17D1911919B00CE8A31 /* FriendsTableViewController.m in Sources */ = {isa = PBXBuildFile; fileRef = 6619F17C1911919B00CE8A31 /* FriendsTableViewController.m */; };
		662819A31910445B008311E9 /* Foundation.framework in Frameworks */ = {isa = PBXBuildFile; fileRef = 662819A21910445B008311E9 /* Foundation.framework */; };
		662819A51910445B008311E9 /* CoreGraphics.framework in Frameworks */ = {isa = PBXBuildFile; fileRef = 662819A41910445B008311E9 /* CoreGraphics.framework */; };
		662819A71910445B008311E9 /* UIKit.framework in Frameworks */ = {isa = PBXBuildFile; fileRef = 662819A61910445B008311E9 /* UIKit.framework */; };
		662819AD1910445B008311E9 /* InfoPlist.strings in Resources */ = {isa = PBXBuildFile; fileRef = 662819AB1910445B008311E9 /* InfoPlist.strings */; };
		662819AF1910445B008311E9 /* main.m in Sources */ = {isa = PBXBuildFile; fileRef = 662819AE1910445B008311E9 /* main.m */; };
		662819B31910445B008311E9 /* AppDelegate.m in Sources */ = {isa = PBXBuildFile; fileRef = 662819B21910445B008311E9 /* AppDelegate.m */; };
		662819B51910445B008311E9 /* Images.xcassets in Resources */ = {isa = PBXBuildFile; fileRef = 662819B41910445B008311E9 /* Images.xcassets */; };
		662819BC1910445B008311E9 /* XCTest.framework in Frameworks */ = {isa = PBXBuildFile; fileRef = 662819BB1910445B008311E9 /* XCTest.framework */; };
		662819BD1910445B008311E9 /* Foundation.framework in Frameworks */ = {isa = PBXBuildFile; fileRef = 662819A21910445B008311E9 /* Foundation.framework */; };
		662819BE1910445B008311E9 /* UIKit.framework in Frameworks */ = {isa = PBXBuildFile; fileRef = 662819A61910445B008311E9 /* UIKit.framework */; };
		662819C61910445B008311E9 /* InfoPlist.strings in Resources */ = {isa = PBXBuildFile; fileRef = 662819C41910445B008311E9 /* InfoPlist.strings */; };
		662819C81910445B008311E9 /* RibbitTests.m in Sources */ = {isa = PBXBuildFile; fileRef = 662819C71910445B008311E9 /* RibbitTests.m */; };
		662819D219104488008311E9 /* MainStoryboard.storyboard in Resources */ = {isa = PBXBuildFile; fileRef = 662819D119104488008311E9 /* MainStoryboard.storyboard */; };
		662819D919104649008311E9 /* camera.png in Resources */ = {isa = PBXBuildFile; fileRef = 662819D319104649008311E9 /* camera.png */; };
		662819DA19104649008311E9 /* camera@2x.png in Resources */ = {isa = PBXBuildFile; fileRef = 662819D419104649008311E9 /* camera@2x.png */; };
		662819DB19104649008311E9 /* friends.png in Resources */ = {isa = PBXBuildFile; fileRef = 662819D519104649008311E9 /* friends.png */; };
		662819DC19104649008311E9 /* friends@2x.png in Resources */ = {isa = PBXBuildFile; fileRef = 662819D619104649008311E9 /* friends@2x.png */; };
		662819DD19104649008311E9 /* inbox.png in Resources */ = {isa = PBXBuildFile; fileRef = 662819D719104649008311E9 /* inbox.png */; };
		662819DE19104649008311E9 /* inbox@2x.png in Resources */ = {isa = PBXBuildFile; fileRef = 662819D819104649008311E9 /* inbox@2x.png */; };
		662819E219104CDC008311E9 /* InboxTableViewController.m in Sources */ = {isa = PBXBuildFile; fileRef = 662819E119104CDC008311E9 /* InboxTableViewController.m */; };
		662819E41911437A008311E9 /* Parse.framework in Frameworks */ = {isa = PBXBuildFile; fileRef = 662819E31911437A008311E9 /* Parse.framework */; };
		662819EE191143E1008311E9 /* AudioToolbox.framework in Frameworks */ = {isa = PBXBuildFile; fileRef = 662819E5191143E1008311E9 /* AudioToolbox.framework */; };
		662819EF191143E1008311E9 /* CFNetwork.framework in Frameworks */ = {isa = PBXBuildFile; fileRef = 662819E6191143E1008311E9 /* CFNetwork.framework */; };
		662819F0191143E1008311E9 /* CoreLocation.framework in Frameworks */ = {isa = PBXBuildFile; fileRef = 662819E7191143E1008311E9 /* CoreLocation.framework */; };
		662819F1191143E1008311E9 /* libz.1.1.3.dylib in Frameworks */ = {isa = PBXBuildFile; fileRef = 662819E8191143E1008311E9 /* libz.1.1.3.dylib */; };
		662819F2191143E1008311E9 /* MobileCoreServices.framework in Frameworks */ = {isa = PBXBuildFile; fileRef = 662819E9191143E1008311E9 /* MobileCoreServices.framework */; };
		662819F3191143E1008311E9 /* QuartzCore.framework in Frameworks */ = {isa = PBXBuildFile; fileRef = 662819EA191143E1008311E9 /* QuartzCore.framework */; };
		662819F4191143E1008311E9 /* Security.framework in Frameworks */ = {isa = PBXBuildFile; fileRef = 662819EB191143E1008311E9 /* Security.framework */; };
		662819F5191143E1008311E9 /* StoreKit.framework in Frameworks */ = {isa = PBXBuildFile; fileRef = 662819EC191143E1008311E9 /* StoreKit.framework */; };
		662819F6191143E1008311E9 /* SystemConfiguration.framework in Frameworks */ = {isa = PBXBuildFile; fileRef = 662819ED191143E1008311E9 /* SystemConfiguration.framework */; };
		662819F91911478D008311E9 /* LogInViewController.m in Sources */ = {isa = PBXBuildFile; fileRef = 662819F81911478D008311E9 /* LogInViewController.m */; };
		662819FC1911479C008311E9 /* SignUpViewController.m in Sources */ = {isa = PBXBuildFile; fileRef = 662819FB1911479C008311E9 /* SignUpViewController.m */; };
		6670EFB61912855B00650C15 /* CameraViewController.m in Sources */ = {isa = PBXBuildFile; fileRef = 6670EFB51912855B00650C15 /* CameraViewController.m */; };
		668515A9191D32A500E49807 /* TPKeyboardAvoidingScrollView.m in Sources */ = {isa = PBXBuildFile; fileRef = 668515A8191D32A500E49807 /* TPKeyboardAvoidingScrollView.m */; };
		668515AC191D350600E49807 /* UIScrollView+TPKeyboardAvoidingAdditions.m in Sources */ = {isa = PBXBuildFile; fileRef = 668515AB191D350600E49807 /* UIScrollView+TPKeyboardAvoidingAdditions.m */; };
		669F0946191D153A00B9D915 /* Default-568h@2x.png in Resources */ = {isa = PBXBuildFile; fileRef = 669F0938191D153A00B9D915 /* Default-568h@2x.png */; };
		669F0947191D153A00B9D915 /* Default.png in Resources */ = {isa = PBXBuildFile; fileRef = 669F0939191D153A00B9D915 /* Default.png */; };
		669F0948191D153A00B9D915 /* Default@2x.png in Resources */ = {isa = PBXBuildFile; fileRef = 669F093A191D153A00B9D915 /* Default@2x.png */; };
		669F0949191D153A00B9D915 /* Icon_29.png in Resources */ = {isa = PBXBuildFile; fileRef = 669F093B191D153A00B9D915 /* Icon_29.png */; };
		669F094A191D153A00B9D915 /* Icon_58.png in Resources */ = {isa = PBXBuildFile; fileRef = 669F093C191D153A00B9D915 /* Icon_58.png */; };
		669F094B191D153A00B9D915 /* Icon_80.png in Resources */ = {isa = PBXBuildFile; fileRef = 669F093D191D153A00B9D915 /* Icon_80.png */; };
		669F094C191D153A00B9D915 /* Icon_120.png in Resources */ = {isa = PBXBuildFile; fileRef = 669F093E191D153A00B9D915 /* Icon_120.png */; };
		669F094D191D153A00B9D915 /* icon_x.png in Resources */ = {isa = PBXBuildFile; fileRef = 669F093F191D153A00B9D915 /* icon_x.png */; };
		669F094E191D153A00B9D915 /* icon_x@2x.png in Resources */ = {isa = PBXBuildFile; fileRef = 669F0940191D153A00B9D915 /* icon_x@2x.png */; };
		669F094F191D153A00B9D915 /* Icon.png in Resources */ = {isa = PBXBuildFile; fileRef = 669F0941191D153A00B9D915 /* Icon.png */; };
		669F0950191D153A00B9D915 /* Icon@2x.png in Resources */ = {isa = PBXBuildFile; fileRef = 669F0942191D153A00B9D915 /* Icon@2x.png */; };
		669F0951191D153A00B9D915 /* loginBackground-568h@2x.png in Resources */ = {isa = PBXBuildFile; fileRef = 669F0943191D153A00B9D915 /* loginBackground-568h@2x.png */; };
		669F0952191D153A00B9D915 /* loginBackground.png in Resources */ = {isa = PBXBuildFile; fileRef = 669F0944191D153A00B9D915 /* loginBackground.png */; };
		669F0953191D153A00B9D915 /* loginBackground@2x.png in Resources */ = {isa = PBXBuildFile; fileRef = 669F0945191D153A00B9D915 /* loginBackground@2x.png */; };
		66AA911719182D1B0099D1D6 /* icon_image.png in Resources */ = {isa = PBXBuildFile; fileRef = 66AA911319182D1B0099D1D6 /* icon_image.png */; };
		66AA911819182D1B0099D1D6 /* icon_image@2x.png in Resources */ = {isa = PBXBuildFile; fileRef = 66AA911419182D1B0099D1D6 /* icon_image@2x.png */; };
		66AA911919182D1B0099D1D6 /* icon_video.png in Resources */ = {isa = PBXBuildFile; fileRef = 66AA911519182D1B0099D1D6 /* icon_video.png */; };
		66AA911A19182D1B0099D1D6 /* icon_video@2x.png in Resources */ = {isa = PBXBuildFile; fileRef = 66AA911619182D1B0099D1D6 /* icon_video@2x.png */; };
		66AA911D19182EB80099D1D6 /* ImageViewController.m in Sources */ = {isa = PBXBuildFile; fileRef = 66AA911C19182EB80099D1D6 /* ImageViewController.m */; };
		66AA911F191837710099D1D6 /* MediaPlayer.framework in Frameworks */ = {isa = PBXBuildFile; fileRef = 66AA911E191837710099D1D6 /* MediaPlayer.framework */; };
		66AA912119183A120099D1D6 /* AVFoundation.framework in Frameworks */ = {isa = PBXBuildFile; fileRef = 66AA912019183A120099D1D6 /* AVFoundation.framework */; };
		66DEEF33191D4FDF004F9200 /* MSCellAccessory.m in Sources */ = {isa = PBXBuildFile; fileRef = 66DEEF30191D4FDF004F9200 /* MSCellAccessory.m */; };
		66DEEF34191D4FDF004F9200 /* UIView+AccessViewController.m in Sources */ = {isa = PBXBuildFile; fileRef = 66DEEF32191D4FDF004F9200 /* UIView+AccessViewController.m */; };
/* End PBXBuildFile section */

/* Begin PBXContainerItemProxy section */
		662819BF1910445B008311E9 /* PBXContainerItemProxy */ = {
			isa = PBXContainerItemProxy;
			containerPortal = 662819971910445B008311E9 /* Project object */;
			proxyType = 1;
			remoteGlobalIDString = 6628199E1910445B008311E9;
			remoteInfo = Ribbit;
		};
/* End PBXContainerItemProxy section */

/* Begin PBXFileReference section */
		6619F1781911865300CE8A31 /* EditFriendsTableViewController.h */ = {isa = PBXFileReference; fileEncoding = 4; lastKnownFileType = sourcecode.c.h; path = EditFriendsTableViewController.h; sourceTree = "<group>"; };
		6619F1791911865300CE8A31 /* EditFriendsTableViewController.m */ = {isa = PBXFileReference; fileEncoding = 4; lastKnownFileType = sourcecode.c.objc; path = EditFriendsTableViewController.m; sourceTree = "<group>"; };
		6619F17B1911919B00CE8A31 /* FriendsTableViewController.h */ = {isa = PBXFileReference; fileEncoding = 4; lastKnownFileType = sourcecode.c.h; path = FriendsTableViewController.h; sourceTree = "<group>"; };
		6619F17C1911919B00CE8A31 /* FriendsTableViewController.m */ = {isa = PBXFileReference; fileEncoding = 4; lastKnownFileType = sourcecode.c.objc; path = FriendsTableViewController.m; sourceTree = "<group>"; };
		6628199F1910445B008311E9 /* Ribbit.app */ = {isa = PBXFileReference; explicitFileType = wrapper.application; includeInIndex = 0; path = Ribbit.app; sourceTree = BUILT_PRODUCTS_DIR; };
		662819A21910445B008311E9 /* Foundation.framework */ = {isa = PBXFileReference; lastKnownFileType = wrapper.framework; name = Foundation.framework; path = System/Library/Frameworks/Foundation.framework; sourceTree = SDKROOT; };
		662819A41910445B008311E9 /* CoreGraphics.framework */ = {isa = PBXFileReference; lastKnownFileType = wrapper.framework; name = CoreGraphics.framework; path = System/Library/Frameworks/CoreGraphics.framework; sourceTree = SDKROOT; };
		662819A61910445B008311E9 /* UIKit.framework */ = {isa = PBXFileReference; lastKnownFileType = wrapper.framework; name = UIKit.framework; path = System/Library/Frameworks/UIKit.framework; sourceTree = SDKROOT; };
		662819AA1910445B008311E9 /* Ribbit-Info.plist */ = {isa = PBXFileReference; lastKnownFileType = text.plist.xml; path = "Ribbit-Info.plist"; sourceTree = "<group>"; };
		662819AC1910445B008311E9 /* en */ = {isa = PBXFileReference; lastKnownFileType = text.plist.strings; name = en; path = en.lproj/InfoPlist.strings; sourceTree = "<group>"; };
		662819AE1910445B008311E9 /* main.m */ = {isa = PBXFileReference; lastKnownFileType = sourcecode.c.objc; path = main.m; sourceTree = "<group>"; };
		662819B01910445B008311E9 /* Ribbit-Prefix.pch */ = {isa = PBXFileReference; lastKnownFileType = sourcecode.c.h; path = "Ribbit-Prefix.pch"; sourceTree = "<group>"; };
		662819B11910445B008311E9 /* AppDelegate.h */ = {isa = PBXFileReference; lastKnownFileType = sourcecode.c.h; path = AppDelegate.h; sourceTree = "<group>"; };
		662819B21910445B008311E9 /* AppDelegate.m */ = {isa = PBXFileReference; lastKnownFileType = sourcecode.c.objc; path = AppDelegate.m; sourceTree = "<group>"; };
		662819B41910445B008311E9 /* Images.xcassets */ = {isa = PBXFileReference; lastKnownFileType = folder.assetcatalog; path = Images.xcassets; sourceTree = "<group>"; };
		662819BA1910445B008311E9 /* RibbitTests.xctest */ = {isa = PBXFileReference; explicitFileType = wrapper.cfbundle; includeInIndex = 0; path = RibbitTests.xctest; sourceTree = BUILT_PRODUCTS_DIR; };
		662819BB1910445B008311E9 /* XCTest.framework */ = {isa = PBXFileReference; lastKnownFileType = wrapper.framework; name = XCTest.framework; path = Library/Frameworks/XCTest.framework; sourceTree = DEVELOPER_DIR; };
		662819C31910445B008311E9 /* RibbitTests-Info.plist */ = {isa = PBXFileReference; lastKnownFileType = text.plist.xml; path = "RibbitTests-Info.plist"; sourceTree = "<group>"; };
		662819C51910445B008311E9 /* en */ = {isa = PBXFileReference; lastKnownFileType = text.plist.strings; name = en; path = en.lproj/InfoPlist.strings; sourceTree = "<group>"; };
		662819C71910445B008311E9 /* RibbitTests.m */ = {isa = PBXFileReference; lastKnownFileType = sourcecode.c.objc; path = RibbitTests.m; sourceTree = "<group>"; };
		662819D119104488008311E9 /* MainStoryboard.storyboard */ = {isa = PBXFileReference; fileEncoding = 4; lastKnownFileType = file.storyboard; name = MainStoryboard.storyboard; path = ../MainStoryboard.storyboard; sourceTree = "<group>"; };
		662819D319104649008311E9 /* camera.png */ = {isa = PBXFileReference; lastKnownFileType = image.png; path = camera.png; sourceTree = "<group>"; };
		662819D419104649008311E9 /* camera@2x.png */ = {isa = PBXFileReference; lastKnownFileType = image.png; path = "camera@2x.png"; sourceTree = "<group>"; };
		662819D519104649008311E9 /* friends.png */ = {isa = PBXFileReference; lastKnownFileType = image.png; path = friends.png; sourceTree = "<group>"; };
		662819D619104649008311E9 /* friends@2x.png */ = {isa = PBXFileReference; lastKnownFileType = image.png; path = "friends@2x.png"; sourceTree = "<group>"; };
		662819D719104649008311E9 /* inbox.png */ = {isa = PBXFileReference; lastKnownFileType = image.png; path = inbox.png; sourceTree = "<group>"; };
		662819D819104649008311E9 /* inbox@2x.png */ = {isa = PBXFileReference; lastKnownFileType = image.png; path = "inbox@2x.png"; sourceTree = "<group>"; };
		662819E019104CDC008311E9 /* InboxTableViewController.h */ = {isa = PBXFileReference; fileEncoding = 4; lastKnownFileType = sourcecode.c.h; name = InboxTableViewController.h; path = ../InboxTableViewController.h; sourceTree = "<group>"; };
		662819E119104CDC008311E9 /* InboxTableViewController.m */ = {isa = PBXFileReference; fileEncoding = 4; lastKnownFileType = sourcecode.c.objc; name = InboxTableViewController.m; path = ../InboxTableViewController.m; sourceTree = "<group>"; };
		662819E31911437A008311E9 /* Parse.framework */ = {isa = PBXFileReference; lastKnownFileType = wrapper.framework; path = Parse.framework; sourceTree = "<group>"; };
		662819E5191143E1008311E9 /* AudioToolbox.framework */ = {isa = PBXFileReference; lastKnownFileType = wrapper.framework; name = AudioToolbox.framework; path = System/Library/Frameworks/AudioToolbox.framework; sourceTree = SDKROOT; };
		662819E6191143E1008311E9 /* CFNetwork.framework */ = {isa = PBXFileReference; lastKnownFileType = wrapper.framework; name = CFNetwork.framework; path = System/Library/Frameworks/CFNetwork.framework; sourceTree = SDKROOT; };
		662819E7191143E1008311E9 /* CoreLocation.framework */ = {isa = PBXFileReference; lastKnownFileType = wrapper.framework; name = CoreLocation.framework; path = System/Library/Frameworks/CoreLocation.framework; sourceTree = SDKROOT; };
		662819E8191143E1008311E9 /* libz.1.1.3.dylib */ = {isa = PBXFileReference; lastKnownFileType = "compiled.mach-o.dylib"; name = libz.1.1.3.dylib; path = usr/lib/libz.1.1.3.dylib; sourceTree = SDKROOT; };
		662819E9191143E1008311E9 /* MobileCoreServices.framework */ = {isa = PBXFileReference; lastKnownFileType = wrapper.framework; name = MobileCoreServices.framework; path = System/Library/Frameworks/MobileCoreServices.framework; sourceTree = SDKROOT; };
		662819EA191143E1008311E9 /* QuartzCore.framework */ = {isa = PBXFileReference; lastKnownFileType = wrapper.framework; name = QuartzCore.framework; path = System/Library/Frameworks/QuartzCore.framework; sourceTree = SDKROOT; };
		662819EB191143E1008311E9 /* Security.framework */ = {isa = PBXFileReference; lastKnownFileType = wrapper.framework; name = Security.framework; path = System/Library/Frameworks/Security.framework; sourceTree = SDKROOT; };
		662819EC191143E1008311E9 /* StoreKit.framework */ = {isa = PBXFileReference; lastKnownFileType = wrapper.framework; name = StoreKit.framework; path = System/Library/Frameworks/StoreKit.framework; sourceTree = SDKROOT; };
		662819ED191143E1008311E9 /* SystemConfiguration.framework */ = {isa = PBXFileReference; lastKnownFileType = wrapper.framework; name = SystemConfiguration.framework; path = System/Library/Frameworks/SystemConfiguration.framework; sourceTree = SDKROOT; };
		662819F71911478D008311E9 /* LogInViewController.h */ = {isa = PBXFileReference; fileEncoding = 4; lastKnownFileType = sourcecode.c.h; path = LogInViewController.h; sourceTree = "<group>"; };
		662819F81911478D008311E9 /* LogInViewController.m */ = {isa = PBXFileReference; fileEncoding = 4; lastKnownFileType = sourcecode.c.objc; path = LogInViewController.m; sourceTree = "<group>"; };
		662819FA1911479C008311E9 /* SignUpViewController.h */ = {isa = PBXFileReference; fileEncoding = 4; lastKnownFileType = sourcecode.c.h; path = SignUpViewController.h; sourceTree = "<group>"; };
		662819FB1911479C008311E9 /* SignUpViewController.m */ = {isa = PBXFileReference; fileEncoding = 4; lastKnownFileType = sourcecode.c.objc; path = SignUpViewController.m; sourceTree = "<group>"; };
		6670EFB41912855B00650C15 /* CameraViewController.h */ = {isa = PBXFileReference; fileEncoding = 4; lastKnownFileType = sourcecode.c.h; path = CameraViewController.h; sourceTree = "<group>"; };
		6670EFB51912855B00650C15 /* CameraViewController.m */ = {isa = PBXFileReference; fileEncoding = 4; lastKnownFileType = sourcecode.c.objc; path = CameraViewController.m; sourceTree = "<group>"; };
		668515A7191D32A500E49807 /* TPKeyboardAvoidingScrollView.h */ = {isa = PBXFileReference; fileEncoding = 4; lastKnownFileType = sourcecode.c.h; path = TPKeyboardAvoidingScrollView.h; sourceTree = "<group>"; };
		668515A8191D32A500E49807 /* TPKeyboardAvoidingScrollView.m */ = {isa = PBXFileReference; fileEncoding = 4; lastKnownFileType = sourcecode.c.objc; path = TPKeyboardAvoidingScrollView.m; sourceTree = "<group>"; };
		668515AA191D350600E49807 /* UIScrollView+TPKeyboardAvoidingAdditions.h */ = {isa = PBXFileReference; fileEncoding = 4; lastKnownFileType = sourcecode.c.h; path = "UIScrollView+TPKeyboardAvoidingAdditions.h"; sourceTree = "<group>"; };
		668515AB191D350600E49807 /* UIScrollView+TPKeyboardAvoidingAdditions.m */ = {isa = PBXFileReference; fileEncoding = 4; lastKnownFileType = sourcecode.c.objc; path = "UIScrollView+TPKeyboardAvoidingAdditions.m"; sourceTree = "<group>"; };
		669F0938191D153A00B9D915 /* Default-568h@2x.png */ = {isa = PBXFileReference; lastKnownFileType = image.png; path = "Default-568h@2x.png"; sourceTree = "<group>"; };
		669F0939191D153A00B9D915 /* Default.png */ = {isa = PBXFileReference; lastKnownFileType = image.png; path = Default.png; sourceTree = "<group>"; };
		669F093A191D153A00B9D915 /* Default@2x.png */ = {isa = PBXFileReference; lastKnownFileType = image.png; path = "Default@2x.png"; sourceTree = "<group>"; };
		669F093B191D153A00B9D915 /* Icon_29.png */ = {isa = PBXFileReference; lastKnownFileType = image.png; path = Icon_29.png; sourceTree = "<group>"; };
		669F093C191D153A00B9D915 /* Icon_58.png */ = {isa = PBXFileReference; lastKnownFileType = image.png; path = Icon_58.png; sourceTree = "<group>"; };
		669F093D191D153A00B9D915 /* Icon_80.png */ = {isa = PBXFileReference; lastKnownFileType = image.png; path = Icon_80.png; sourceTree = "<group>"; };
		669F093E191D153A00B9D915 /* Icon_120.png */ = {isa = PBXFileReference; lastKnownFileType = image.png; path = Icon_120.png; sourceTree = "<group>"; };
		669F093F191D153A00B9D915 /* icon_x.png */ = {isa = PBXFileReference; lastKnownFileType = image.png; path = icon_x.png; sourceTree = "<group>"; };
		669F0940191D153A00B9D915 /* icon_x@2x.png */ = {isa = PBXFileReference; lastKnownFileType = image.png; path = "icon_x@2x.png"; sourceTree = "<group>"; };
		669F0941191D153A00B9D915 /* Icon.png */ = {isa = PBXFileReference; lastKnownFileType = image.png; path = Icon.png; sourceTree = "<group>"; };
		669F0942191D153A00B9D915 /* Icon@2x.png */ = {isa = PBXFileReference; lastKnownFileType = image.png; path = "Icon@2x.png"; sourceTree = "<group>"; };
		669F0943191D153A00B9D915 /* loginBackground-568h@2x.png */ = {isa = PBXFileReference; lastKnownFileType = image.png; path = "loginBackground-568h@2x.png"; sourceTree = "<group>"; };
		669F0944191D153A00B9D915 /* loginBackground.png */ = {isa = PBXFileReference; lastKnownFileType = image.png; path = loginBackground.png; sourceTree = "<group>"; };
		669F0945191D153A00B9D915 /* loginBackground@2x.png */ = {isa = PBXFileReference; lastKnownFileType = image.png; path = "loginBackground@2x.png"; sourceTree = "<group>"; };
		66AA911319182D1B0099D1D6 /* icon_image.png */ = {isa = PBXFileReference; lastKnownFileType = image.png; path = icon_image.png; sourceTree = "<group>"; };
		66AA911419182D1B0099D1D6 /* icon_image@2x.png */ = {isa = PBXFileReference; lastKnownFileType = image.png; path = "icon_image@2x.png"; sourceTree = "<group>"; };
		66AA911519182D1B0099D1D6 /* icon_video.png */ = {isa = PBXFileReference; lastKnownFileType = image.png; path = icon_video.png; sourceTree = "<group>"; };
		66AA911619182D1B0099D1D6 /* icon_video@2x.png */ = {isa = PBXFileReference; lastKnownFileType = image.png; path = "icon_video@2x.png"; sourceTree = "<group>"; };
		66AA911B19182EB80099D1D6 /* ImageViewController.h */ = {isa = PBXFileReference; fileEncoding = 4; lastKnownFileType = sourcecode.c.h; path = ImageViewController.h; sourceTree = "<group>"; };
		66AA911C19182EB80099D1D6 /* ImageViewController.m */ = {isa = PBXFileReference; fileEncoding = 4; lastKnownFileType = sourcecode.c.objc; path = ImageViewController.m; sourceTree = "<group>"; };
		66AA911E191837710099D1D6 /* MediaPlayer.framework */ = {isa = PBXFileReference; lastKnownFileType = wrapper.framework; name = MediaPlayer.framework; path = System/Library/Frameworks/MediaPlayer.framework; sourceTree = SDKROOT; };
		66AA912019183A120099D1D6 /* AVFoundation.framework */ = {isa = PBXFileReference; lastKnownFileType = wrapper.framework; name = AVFoundation.framework; path = System/Library/Frameworks/AVFoundation.framework; sourceTree = SDKROOT; };
		66DEEF2F191D4FDF004F9200 /* MSCellAccessory.h */ = {isa = PBXFileReference; fileEncoding = 4; lastKnownFileType = sourcecode.c.h; path = MSCellAccessory.h; sourceTree = "<group>"; };
		66DEEF30191D4FDF004F9200 /* MSCellAccessory.m */ = {isa = PBXFileReference; fileEncoding = 4; lastKnownFileType = sourcecode.c.objc; path = MSCellAccessory.m; sourceTree = "<group>"; };
		66DEEF31191D4FDF004F9200 /* UIView+AccessViewController.h */ = {isa = PBXFileReference; fileEncoding = 4; lastKnownFileType = sourcecode.c.h; path = "UIView+AccessViewController.h"; sourceTree = "<group>"; };
		66DEEF32191D4FDF004F9200 /* UIView+AccessViewController.m */ = {isa = PBXFileReference; fileEncoding = 4; lastKnownFileType = sourcecode.c.objc; path = "UIView+AccessViewController.m"; sourceTree = "<group>"; };
/* End PBXFileReference section */

/* Begin PBXFrameworksBuildPhase section */
		6628199C1910445B008311E9 /* Frameworks */ = {
			isa = PBXFrameworksBuildPhase;
			buildActionMask = 2147483647;
			files = (
				66AA912119183A120099D1D6 /* AVFoundation.framework in Frameworks */,
				66AA911F191837710099D1D6 /* MediaPlayer.framework in Frameworks */,
				662819EE191143E1008311E9 /* AudioToolbox.framework in Frameworks */,
				662819EF191143E1008311E9 /* CFNetwork.framework in Frameworks */,
				662819F0191143E1008311E9 /* CoreLocation.framework in Frameworks */,
				662819F1191143E1008311E9 /* libz.1.1.3.dylib in Frameworks */,
				662819F2191143E1008311E9 /* MobileCoreServices.framework in Frameworks */,
				662819F3191143E1008311E9 /* QuartzCore.framework in Frameworks */,
				662819F4191143E1008311E9 /* Security.framework in Frameworks */,
				662819F5191143E1008311E9 /* StoreKit.framework in Frameworks */,
				662819F6191143E1008311E9 /* SystemConfiguration.framework in Frameworks */,
				662819A51910445B008311E9 /* CoreGraphics.framework in Frameworks */,
				662819A71910445B008311E9 /* UIKit.framework in Frameworks */,
				662819E41911437A008311E9 /* Parse.framework in Frameworks */,
				662819A31910445B008311E9 /* Foundation.framework in Frameworks */,
			);
			runOnlyForDeploymentPostprocessing = 0;
		};
		662819B71910445B008311E9 /* Frameworks */ = {
			isa = PBXFrameworksBuildPhase;
			buildActionMask = 2147483647;
			files = (
				662819BC1910445B008311E9 /* XCTest.framework in Frameworks */,
				662819BE1910445B008311E9 /* UIKit.framework in Frameworks */,
				662819BD1910445B008311E9 /* Foundation.framework in Frameworks */,
			);
			runOnlyForDeploymentPostprocessing = 0;
		};
/* End PBXFrameworksBuildPhase section */

/* Begin PBXGroup section */
		662819961910445B008311E9 = {
			isa = PBXGroup;
			children = (
				662819DF1910464E008311E9 /* images */,
				662819A81910445B008311E9 /* Ribbit */,
				662819C11910445B008311E9 /* RibbitTests */,
				662819A11910445B008311E9 /* Frameworks */,
				662819A01910445B008311E9 /* Products */,
			);
			sourceTree = "<group>";
		};
		662819A01910445B008311E9 /* Products */ = {
			isa = PBXGroup;
			children = (
				6628199F1910445B008311E9 /* Ribbit.app */,
				662819BA1910445B008311E9 /* RibbitTests.xctest */,
			);
			name = Products;
			sourceTree = "<group>";
		};
		662819A11910445B008311E9 /* Frameworks */ = {
			isa = PBXGroup;
			children = (
				66AA912019183A120099D1D6 /* AVFoundation.framework */,
				66AA911E191837710099D1D6 /* MediaPlayer.framework */,
				662819E5191143E1008311E9 /* AudioToolbox.framework */,
				662819E6191143E1008311E9 /* CFNetwork.framework */,
				662819E7191143E1008311E9 /* CoreLocation.framework */,
				662819E8191143E1008311E9 /* libz.1.1.3.dylib */,
				662819E9191143E1008311E9 /* MobileCoreServices.framework */,
				662819EA191143E1008311E9 /* QuartzCore.framework */,
				662819EB191143E1008311E9 /* Security.framework */,
				662819EC191143E1008311E9 /* StoreKit.framework */,
				662819ED191143E1008311E9 /* SystemConfiguration.framework */,
				662819E31911437A008311E9 /* Parse.framework */,
				662819A21910445B008311E9 /* Foundation.framework */,
				662819A41910445B008311E9 /* CoreGraphics.framework */,
				662819A61910445B008311E9 /* UIKit.framework */,
				662819BB1910445B008311E9 /* XCTest.framework */,
			);
			name = Frameworks;
			sourceTree = "<group>";
		};
		662819A81910445B008311E9 /* Ribbit */ = {
			isa = PBXGroup;
			children = (
				66DEEF2E191D4FDF004F9200 /* MSCellAccessory */,
				662819D119104488008311E9 /* MainStoryboard.storyboard */,
				668515A7191D32A500E49807 /* TPKeyboardAvoidingScrollView.h */,
				668515A8191D32A500E49807 /* TPKeyboardAvoidingScrollView.m */,
				668515AA191D350600E49807 /* UIScrollView+TPKeyboardAvoidingAdditions.h */,
				668515AB191D350600E49807 /* UIScrollView+TPKeyboardAvoidingAdditions.m */,
				66AA911B19182EB80099D1D6 /* ImageViewController.h */,
				66AA911C19182EB80099D1D6 /* ImageViewController.m */,
				6619F1781911865300CE8A31 /* EditFriendsTableViewController.h */,
				6619F1791911865300CE8A31 /* EditFriendsTableViewController.m */,
				6670EFB41912855B00650C15 /* CameraViewController.h */,
				6670EFB51912855B00650C15 /* CameraViewController.m */,
				6619F17B1911919B00CE8A31 /* FriendsTableViewController.h */,
				6619F17C1911919B00CE8A31 /* FriendsTableViewController.m */,
				662819E019104CDC008311E9 /* InboxTableViewController.h */,
				662819E119104CDC008311E9 /* InboxTableViewController.m */,
				662819B11910445B008311E9 /* AppDelegate.h */,
				662819B21910445B008311E9 /* AppDelegate.m */,
				662819B41910445B008311E9 /* Images.xcassets */,
				662819A91910445B008311E9 /* Supporting Files */,
				662819F71911478D008311E9 /* LogInViewController.h */,
				662819F81911478D008311E9 /* LogInViewController.m */,
				662819FA1911479C008311E9 /* SignUpViewController.h */,
				662819FB1911479C008311E9 /* SignUpViewController.m */,
			);
			path = Ribbit;
			sourceTree = "<group>";
		};
		662819A91910445B008311E9 /* Supporting Files */ = {
			isa = PBXGroup;
			children = (
				662819AA1910445B008311E9 /* Ribbit-Info.plist */,
				662819AB1910445B008311E9 /* InfoPlist.strings */,
				662819AE1910445B008311E9 /* main.m */,
				662819B01910445B008311E9 /* Ribbit-Prefix.pch */,
			);
			name = "Supporting Files";
			sourceTree = "<group>";
		};
		662819C11910445B008311E9 /* RibbitTests */ = {
			isa = PBXGroup;
			children = (
				662819C71910445B008311E9 /* RibbitTests.m */,
				662819C21910445B008311E9 /* Supporting Files */,
			);
			path = RibbitTests;
			sourceTree = "<group>";
		};
		662819C21910445B008311E9 /* Supporting Files */ = {
			isa = PBXGroup;
			children = (
				662819C31910445B008311E9 /* RibbitTests-Info.plist */,
				662819C41910445B008311E9 /* InfoPlist.strings */,
			);
			name = "Supporting Files";
			sourceTree = "<group>";
		};
		662819DF1910464E008311E9 /* images */ = {
			isa = PBXGroup;
			children = (
				669F0938191D153A00B9D915 /* Default-568h@2x.png */,
				669F0939191D153A00B9D915 /* Default.png */,
				669F093A191D153A00B9D915 /* Default@2x.png */,
				669F093B191D153A00B9D915 /* Icon_29.png */,
				669F093C191D153A00B9D915 /* Icon_58.png */,
				669F093D191D153A00B9D915 /* Icon_80.png */,
				669F093E191D153A00B9D915 /* Icon_120.png */,
				669F093F191D153A00B9D915 /* icon_x.png */,
				669F0940191D153A00B9D915 /* icon_x@2x.png */,
				669F0941191D153A00B9D915 /* Icon.png */,
				669F0942191D153A00B9D915 /* Icon@2x.png */,
				669F0943191D153A00B9D915 /* loginBackground-568h@2x.png */,
				669F0944191D153A00B9D915 /* loginBackground.png */,
				669F0945191D153A00B9D915 /* loginBackground@2x.png */,
				66AA911319182D1B0099D1D6 /* icon_image.png */,
				66AA911419182D1B0099D1D6 /* icon_image@2x.png */,
				66AA911519182D1B0099D1D6 /* icon_video.png */,
				66AA911619182D1B0099D1D6 /* icon_video@2x.png */,
				662819D319104649008311E9 /* camera.png */,
				662819D419104649008311E9 /* camera@2x.png */,
				662819D519104649008311E9 /* friends.png */,
				662819D619104649008311E9 /* friends@2x.png */,
				662819D719104649008311E9 /* inbox.png */,
				662819D819104649008311E9 /* inbox@2x.png */,
			);
			name = images;
			sourceTree = "<group>";
		};
		66DEEF2E191D4FDF004F9200 /* MSCellAccessory */ = {
			isa = PBXGroup;
			children = (
				66DEEF2F191D4FDF004F9200 /* MSCellAccessory.h */,
				66DEEF30191D4FDF004F9200 /* MSCellAccessory.m */,
				66DEEF31191D4FDF004F9200 /* UIView+AccessViewController.h */,
				66DEEF32191D4FDF004F9200 /* UIView+AccessViewController.m */,
			);
			path = MSCellAccessory;
			sourceTree = "<group>";
		};
/* End PBXGroup section */

/* Begin PBXNativeTarget section */
		6628199E1910445B008311E9 /* Ribbit */ = {
			isa = PBXNativeTarget;
			buildConfigurationList = 662819CB1910445B008311E9 /* Build configuration list for PBXNativeTarget "Ribbit" */;
			buildPhases = (
				6628199B1910445B008311E9 /* Sources */,
				6628199C1910445B008311E9 /* Frameworks */,
				6628199D1910445B008311E9 /* Resources */,
			);
			buildRules = (
			);
			dependencies = (
			);
			name = Ribbit;
			productName = Ribbit;
			productReference = 6628199F1910445B008311E9 /* Ribbit.app */;
			productType = "com.apple.product-type.application";
		};
		662819B91910445B008311E9 /* RibbitTests */ = {
			isa = PBXNativeTarget;
			buildConfigurationList = 662819CE1910445B008311E9 /* Build configuration list for PBXNativeTarget "RibbitTests" */;
			buildPhases = (
				662819B61910445B008311E9 /* Sources */,
				662819B71910445B008311E9 /* Frameworks */,
				662819B81910445B008311E9 /* Resources */,
			);
			buildRules = (
			);
			dependencies = (
				662819C01910445B008311E9 /* PBXTargetDependency */,
			);
			name = RibbitTests;
			productName = RibbitTests;
			productReference = 662819BA1910445B008311E9 /* RibbitTests.xctest */;
			productType = "com.apple.product-type.bundle.unit-test";
		};
/* End PBXNativeTarget section */

/* Begin PBXProject section */
		662819971910445B008311E9 /* Project object */ = {
			isa = PBXProject;
			attributes = {
				LastUpgradeCheck = 0510;
				ORGANIZATIONNAME = AppSpaceship;
				TargetAttributes = {
					662819B91910445B008311E9 = {
						TestTargetID = 6628199E1910445B008311E9;
					};
				};
			};
			buildConfigurationList = 6628199A1910445B008311E9 /* Build configuration list for PBXProject "Ribbit" */;
			compatibilityVersion = "Xcode 3.2";
			developmentRegion = English;
			hasScannedForEncodings = 0;
			knownRegions = (
				en,
			);
			mainGroup = 662819961910445B008311E9;
			productRefGroup = 662819A01910445B008311E9 /* Products */;
			projectDirPath = "";
			projectRoot = "";
			targets = (
				6628199E1910445B008311E9 /* Ribbit */,
				662819B91910445B008311E9 /* RibbitTests */,
			);
		};
/* End PBXProject section */

/* Begin PBXResourcesBuildPhase section */
		6628199D1910445B008311E9 /* Resources */ = {
			isa = PBXResourcesBuildPhase;
			buildActionMask = 2147483647;
			files = (
				669F0948191D153A00B9D915 /* Default@2x.png in Resources */,
				669F0950191D153A00B9D915 /* Icon@2x.png in Resources */,
				66AA911919182D1B0099D1D6 /* icon_video.png in Resources */,
				662819D219104488008311E9 /* MainStoryboard.storyboard in Resources */,
				669F094A191D153A00B9D915 /* Icon_58.png in Resources */,
				662819DB19104649008311E9 /* friends.png in Resources */,
				66AA911719182D1B0099D1D6 /* icon_image.png in Resources */,
				669F0947191D153A00B9D915 /* Default.png in Resources */,
				662819DC19104649008311E9 /* friends@2x.png in Resources */,
				669F094B191D153A00B9D915 /* Icon_80.png in Resources */,
				669F094F191D153A00B9D915 /* Icon.png in Resources */,
				669F0949191D153A00B9D915 /* Icon_29.png in Resources */,
				669F094C191D153A00B9D915 /* Icon_120.png in Resources */,
				669F0953191D153A00B9D915 /* loginBackground@2x.png in Resources */,
				669F0946191D153A00B9D915 /* Default-568h@2x.png in Resources */,
				662819DA19104649008311E9 /* camera@2x.png in Resources */,
				662819DD19104649008311E9 /* inbox.png in Resources */,
				662819AD1910445B008311E9 /* InfoPlist.strings in Resources */,
				66AA911819182D1B0099D1D6 /* icon_image@2x.png in Resources */,
				662819D919104649008311E9 /* camera.png in Resources */,
				662819B51910445B008311E9 /* Images.xcassets in Resources */,
				669F0951191D153A00B9D915 /* loginBackground-568h@2x.png in Resources */,
				669F0952191D153A00B9D915 /* loginBackground.png in Resources */,
				669F094E191D153A00B9D915 /* icon_x@2x.png in Resources */,
				662819DE19104649008311E9 /* inbox@2x.png in Resources */,
				66AA911A19182D1B0099D1D6 /* icon_video@2x.png in Resources */,
				669F094D191D153A00B9D915 /* icon_x.png in Resources */,
			);
			runOnlyForDeploymentPostprocessing = 0;
		};
		662819B81910445B008311E9 /* Resources */ = {
			isa = PBXResourcesBuildPhase;
			buildActionMask = 2147483647;
			files = (
				662819C61910445B008311E9 /* InfoPlist.strings in Resources */,
			);
			runOnlyForDeploymentPostprocessing = 0;
		};
/* End PBXResourcesBuildPhase section */

/* Begin PBXSourcesBuildPhase section */
		6628199B1910445B008311E9 /* Sources */ = {
			isa = PBXSourcesBuildPhase;
			buildActionMask = 2147483647;
			files = (
				662819F91911478D008311E9 /* LogInViewController.m in Sources */,
				668515A9191D32A500E49807 /* TPKeyboardAvoidingScrollView.m in Sources */,
				66DEEF34191D4FDF004F9200 /* UIView+AccessViewController.m in Sources */,
				6670EFB61912855B00650C15 /* CameraViewController.m in Sources */,
				662819FC1911479C008311E9 /* SignUpViewController.m in Sources */,
				66DEEF33191D4FDF004F9200 /* MSCellAccessory.m in Sources */,
				6619F17A1911865300CE8A31 /* EditFriendsTableViewController.m in Sources */,
				668515AC191D350600E49807 /* UIScrollView+TPKeyboardAvoidingAdditions.m in Sources */,
				662819E219104CDC008311E9 /* InboxTableViewController.m in Sources */,
				662819B31910445B008311E9 /* AppDelegate.m in Sources */,
				66AA911D19182EB80099D1D6 /* ImageViewController.m in Sources */,
				6619F17D1911919B00CE8A31 /* FriendsTableViewController.m in Sources */,
				662819AF1910445B008311E9 /* main.m in Sources */,
			);
			runOnlyForDeploymentPostprocessing = 0;
		};
		662819B61910445B008311E9 /* Sources */ = {
			isa = PBXSourcesBuildPhase;
			buildActionMask = 2147483647;
			files = (
				662819C81910445B008311E9 /* RibbitTests.m in Sources */,
			);
			runOnlyForDeploymentPostprocessing = 0;
		};
/* End PBXSourcesBuildPhase section */

/* Begin PBXTargetDependency section */
		662819C01910445B008311E9 /* PBXTargetDependency */ = {
			isa = PBXTargetDependency;
			target = 6628199E1910445B008311E9 /* Ribbit */;
			targetProxy = 662819BF1910445B008311E9 /* PBXContainerItemProxy */;
		};
/* End PBXTargetDependency section */

/* Begin PBXVariantGroup section */
		662819AB1910445B008311E9 /* InfoPlist.strings */ = {
			isa = PBXVariantGroup;
			children = (
				662819AC1910445B008311E9 /* en */,
			);
			name = InfoPlist.strings;
			sourceTree = "<group>";
		};
		662819C41910445B008311E9 /* InfoPlist.strings */ = {
			isa = PBXVariantGroup;
			children = (
				662819C51910445B008311E9 /* en */,
			);
			name = InfoPlist.strings;
			sourceTree = "<group>";
		};
/* End PBXVariantGroup section */

/* Begin XCBuildConfiguration section */
		662819C91910445B008311E9 /* Debug */ = {
			isa = XCBuildConfiguration;
			buildSettings = {
				ALWAYS_SEARCH_USER_PATHS = NO;
				CLANG_CXX_LANGUAGE_STANDARD = "gnu++0x";
				CLANG_CXX_LIBRARY = "libc++";
				CLANG_ENABLE_MODULES = YES;
				CLANG_ENABLE_OBJC_ARC = YES;
				CLANG_WARN_BOOL_CONVERSION = YES;
				CLANG_WARN_CONSTANT_CONVERSION = YES;
				CLANG_WARN_DIRECT_OBJC_ISA_USAGE = YES_ERROR;
				CLANG_WARN_EMPTY_BODY = YES;
				CLANG_WARN_ENUM_CONVERSION = YES;
				CLANG_WARN_INT_CONVERSION = YES;
				CLANG_WARN_OBJC_ROOT_CLASS = YES_ERROR;
				CLANG_WARN__DUPLICATE_METHOD_MATCH = YES;
				"CODE_SIGN_IDENTITY[sdk=iphoneos*]" = "iPhone Developer";
				COPY_PHASE_STRIP = NO;
				GCC_C_LANGUAGE_STANDARD = gnu99;
				GCC_DYNAMIC_NO_PIC = NO;
				GCC_OPTIMIZATION_LEVEL = 0;
				GCC_PREPROCESSOR_DEFINITIONS = (
					"DEBUG=1",
					"$(inherited)",
				);
				GCC_SYMBOLS_PRIVATE_EXTERN = NO;
				GCC_WARN_64_TO_32_BIT_CONVERSION = YES;
				GCC_WARN_ABOUT_RETURN_TYPE = YES_ERROR;
				GCC_WARN_UNDECLARED_SELECTOR = YES;
				GCC_WARN_UNINITIALIZED_AUTOS = YES_AGGRESSIVE;
				GCC_WARN_UNUSED_FUNCTION = YES;
				GCC_WARN_UNUSED_VARIABLE = YES;
				IPHONEOS_DEPLOYMENT_TARGET = 7.1;
				ONLY_ACTIVE_ARCH = YES;
				SDKROOT = iphoneos;
			};
			name = Debug;
		};
		662819CA1910445B008311E9 /* Release */ = {
			isa = XCBuildConfiguration;
			buildSettings = {
				ALWAYS_SEARCH_USER_PATHS = NO;
				CLANG_CXX_LANGUAGE_STANDARD = "gnu++0x";
				CLANG_CXX_LIBRARY = "libc++";
				CLANG_ENABLE_MODULES = YES;
				CLANG_ENABLE_OBJC_ARC = YES;
				CLANG_WARN_BOOL_CONVERSION = YES;
				CLANG_WARN_CONSTANT_CONVERSION = YES;
				CLANG_WARN_DIRECT_OBJC_ISA_USAGE = YES_ERROR;
				CLANG_WARN_EMPTY_BODY = YES;
				CLANG_WARN_ENUM_CONVERSION = YES;
				CLANG_WARN_INT_CONVERSION = YES;
				CLANG_WARN_OBJC_ROOT_CLASS = YES_ERROR;
				CLANG_WARN__DUPLICATE_METHOD_MATCH = YES;
				"CODE_SIGN_IDENTITY[sdk=iphoneos*]" = "iPhone Developer";
				COPY_PHASE_STRIP = YES;
				ENABLE_NS_ASSERTIONS = NO;
				GCC_C_LANGUAGE_STANDARD = gnu99;
				GCC_WARN_64_TO_32_BIT_CONVERSION = YES;
				GCC_WARN_ABOUT_RETURN_TYPE = YES_ERROR;
				GCC_WARN_UNDECLARED_SELECTOR = YES;
				GCC_WARN_UNINITIALIZED_AUTOS = YES_AGGRESSIVE;
				GCC_WARN_UNUSED_FUNCTION = YES;
				GCC_WARN_UNUSED_VARIABLE = YES;
				IPHONEOS_DEPLOYMENT_TARGET = 7.1;
				SDKROOT = iphoneos;
				VALIDATE_PRODUCT = YES;
			};
			name = Release;
		};
		662819CC1910445B008311E9 /* Debug */ = {
			isa = XCBuildConfiguration;
			buildSettings = {
				ASSETCATALOG_COMPILER_APPICON_NAME = AppIcon;
				ASSETCATALOG_COMPILER_LAUNCHIMAGE_NAME = LaunchImage;
				FRAMEWORK_SEARCH_PATHS = (
					"$(inherited)",
					"$(PROJECT_DIR)",
				);
				GCC_PRECOMPILE_PREFIX_HEADER = YES;
				GCC_PREFIX_HEADER = "Ribbit/Ribbit-Prefix.pch";
				INFOPLIST_FILE = "Ribbit/Ribbit-Info.plist";
				PRODUCT_NAME = "$(TARGET_NAME)";
				WRAPPER_EXTENSION = app;
			};
			name = Debug;
		};
		662819CD1910445B008311E9 /* Release */ = {
			isa = XCBuildConfiguration;
			buildSettings = {
				ASSETCATALOG_COMPILER_APPICON_NAME = AppIcon;
				ASSETCATALOG_COMPILER_LAUNCHIMAGE_NAME = LaunchImage;
				FRAMEWORK_SEARCH_PATHS = (
					"$(inherited)",
					"$(PROJECT_DIR)",
				);
				GCC_PRECOMPILE_PREFIX_HEADER = YES;
				GCC_PREFIX_HEADER = "Ribbit/Ribbit-Prefix.pch";
				INFOPLIST_FILE = "Ribbit/Ribbit-Info.plist";
				PRODUCT_NAME = "$(TARGET_NAME)";
				WRAPPER_EXTENSION = app;
			};
			name = Release;
		};
		662819CF1910445B008311E9 /* Debug */ = {
			isa = XCBuildConfiguration;
			buildSettings = {
				BUNDLE_LOADER = "$(BUILT_PRODUCTS_DIR)/Ribbit.app/Ribbit";
				FRAMEWORK_SEARCH_PATHS = (
					"$(SDKROOT)/Developer/Library/Frameworks",
					"$(inherited)",
					"$(DEVELOPER_FRAMEWORKS_DIR)",
				);
				GCC_PRECOMPILE_PREFIX_HEADER = YES;
				GCC_PREFIX_HEADER = "Ribbit/Ribbit-Prefix.pch";
				GCC_PREPROCESSOR_DEFINITIONS = (
					"DEBUG=1",
					"$(inherited)",
				);
				INFOPLIST_FILE = "RibbitTests/RibbitTests-Info.plist";
				PRODUCT_NAME = "$(TARGET_NAME)";
				TEST_HOST = "$(BUNDLE_LOADER)";
				WRAPPER_EXTENSION = xctest;
			};
			name = Debug;
		};
		662819D01910445B008311E9 /* Release */ = {
			isa = XCBuildConfiguration;
			buildSettings = {
				BUNDLE_LOADER = "$(BUILT_PRODUCTS_DIR)/Ribbit.app/Ribbit";
				FRAMEWORK_SEARCH_PATHS = (
					"$(SDKROOT)/Developer/Library/Frameworks",
					"$(inherited)",
					"$(DEVELOPER_FRAMEWORKS_DIR)",
				);
				GCC_PRECOMPILE_PREFIX_HEADER = YES;
				GCC_PREFIX_HEADER = "Ribbit/Ribbit-Prefix.pch";
				INFOPLIST_FILE = "RibbitTests/RibbitTests-Info.plist";
				PRODUCT_NAME = "$(TARGET_NAME)";
				TEST_HOST = "$(BUNDLE_LOADER)";
				WRAPPER_EXTENSION = xctest;
			};
			name = Release;
		};
/* End XCBuildConfiguration section */

/* Begin XCConfigurationList section */
		6628199A1910445B008311E9 /* Build configuration list for PBXProject "Ribbit" */ = {
			isa = XCConfigurationList;
			buildConfigurations = (
				662819C91910445B008311E9 /* Debug */,
				662819CA1910445B008311E9 /* Release */,
			);
			defaultConfigurationIsVisible = 0;
			defaultConfigurationName = Release;
		};
		662819CB1910445B008311E9 /* Build configuration list for PBXNativeTarget "Ribbit" */ = {
			isa = XCConfigurationList;
			buildConfigurations = (
				662819CC1910445B008311E9 /* Debug */,
				662819CD1910445B008311E9 /* Release */,
			);
			defaultConfigurationIsVisible = 0;
			defaultConfigurationName = Release;
		};
		662819CE1910445B008311E9 /* Build configuration list for PBXNativeTarget "RibbitTests" */ = {
			isa = XCConfigurationList;
			buildConfigurations = (
				662819CF1910445B008311E9 /* Debug */,
				662819D01910445B008311E9 /* Release */,
			);
			defaultConfigurationIsVisible = 0;
			defaultConfigurationName = Release;
		};
/* End XCConfigurationList section */
	};
	rootObject = 662819971910445B008311E9 /* Project object */;
}
